
Microsoft Visual Studio Solution File, Format Version 12.00
# Visual Studio Version 17
VisualStudioVersion = 17.0.31717.71
MinimumVisualStudioVersion = 10.0.40219.1
Project("{9A19103F-16F7-4668-BE54-9A1E7A4F7556}") = "RoyalCode.PipelineFlow", "RoyalCode.PipelineFlow\RoyalCode.PipelineFlow.csproj", "{57A5D837-2896-40D0-9B36-1A417B1E04E3}"
EndProject
Project("{9A19103F-16F7-4668-BE54-9A1E7A4F7556}") = "RoyalCode.CommandAndQuery", "RoyalCode.Core.Cqs\RoyalCode.CommandAndQuery.csproj", "{3041096A-38C0-4206-9718-2262C859BB7D}"
EndProject
Project("{9A19103F-16F7-4668-BE54-9A1E7A4F7556}") = "RoyalCode.PipelineFlow.Tests", "RoyalCode.PipelineFlow.Tests\RoyalCode.PipelineFlow.Tests.csproj", "{1A7C52C2-D67A-4F84-B02C-ED3903BE6C13}"
EndProject
Project("{2150E333-8FDC-42A3-9474-1A3956D46DE8}") = ".Items", ".Items", "{85EDB87A-2482-487D-943F-3F169B070039}"
	ProjectSection(SolutionItems) = preProject
		base.targets = base.targets
	EndProjectSection
EndProject
Project("{9A19103F-16F7-4668-BE54-9A1E7A4F7556}") = "RoyalCode.PipelineFlow.CommandAndQuery", "RoyalCode.PipelineFlow.CommandAndQuery\RoyalCode.PipelineFlow.CommandAndQuery.csproj", "{653E350F-B204-4A3F-820F-2BE40E5ED7F9}"
EndProject
Project("{2150E333-8FDC-42A3-9474-1A3956D46DE8}") = "Libs", "Libs", "{F5DD2E92-9192-4869-AA1E-94A2F6E0FA9F}"
EndProject
Project("{2150E333-8FDC-42A3-9474-1A3956D46DE8}") = "Tests", "Tests", "{48F480F4-D227-4EA8-B670-9EB8CC38F5BD}"
EndProject
Project("{2150E333-8FDC-42A3-9474-1A3956D46DE8}") = "Benchmarks", "Benchmarks", "{C95FD26D-D086-4396-91EF-BD76850D7B3F}"
EndProject
Project("{9A19103F-16F7-4668-BE54-9A1E7A4F7556}") = "RoyalCode.CommandAndQuery.Tests", "RoyalCode.CommandAndQuery.Tests\RoyalCode.CommandAndQuery.Tests.csproj", "{5AB071B6-6147-4B0E-B68B-69168503C20F}"
EndProject
Project("{9A19103F-16F7-4668-BE54-9A1E7A4F7556}") = "RoyalCode.PipelineFlow.Benchmarks", "RoyalCode.PipelineFlow.Benchmarks\RoyalCode.PipelineFlow.Benchmarks.csproj", "{591073BD-90BC-4495-ABC8-D5F24B41E963}"
EndProject
Project("{9A19103F-16F7-4668-BE54-9A1E7A4F7556}") = "RoyalCode.CommandAndQuery.Tests.GenericsHandlers", "RoyalCode.CommandAndQuery.Tests.GenericsHandlers\RoyalCode.CommandAndQuery.Tests.GenericsHandlers.csproj", "{E13D2D4F-381E-4B29-BD8E-66CF13ED42ED}"
EndProject
Project("{9A19103F-16F7-4668-BE54-9A1E7A4F7556}") = "RoyalCode.CommandAndQuery.Tests.GenericsDecorators", "RoyalCode.CommandAndQuery.Tests.GenericsDecorators\RoyalCode.CommandAndQuery.Tests.GenericsDecorators.csproj", "{43AE710B-218C-410D-8DEC-570E7A746981}"
EndProject
Project("{9A19103F-16F7-4668-BE54-9A1E7A4F7556}") = "RoyalCode.CommandAndQuery.OperationsCommands", "RoyalCode.CommandAndQuery.OperationsCommands\RoyalCode.CommandAndQuery.OperationsCommands.csproj", "{5BDB3CAD-5F40-4CD3-859F-3B4FF0E346C4}"
EndProject
Project("{9A19103F-16F7-4668-BE54-9A1E7A4F7556}") = "RoyalCode.EventDispatcher", "RoyalCode.EventDispatcher\RoyalCode.EventDispatcher.csproj", "{364D13AC-C37E-4FB6-B6E3-8CFFAE223EF5}"
EndProject
Project("{9A19103F-16F7-4668-BE54-9A1E7A4F7556}") = "RoyalCode.PipelineFlow.EventDispatcher", "RoyalCode.PipelineFlow.EventDispatcher\RoyalCode.PipelineFlow.EventDispatcher.csproj", "{34DB5309-35CC-400F-B16C-18DC53677778}"
EndProject
Project("{FAE04EC0-301F-11D3-BF4B-00C04F79EFBC}") = "RoyalCode.PipelineFlow.DependencyInjection", "RoyalCode.PipelineFlow.DependencyInjection\RoyalCode.PipelineFlow.DependencyInjection.csproj", "{9D801CC4-FDAF-49C2-BDEC-6F05DD332612}"
EndProject
Project("{FAE04EC0-301F-11D3-BF4B-00C04F79EFBC}") = "RoyalCode.EventDispatcher.Tests", "RoyalCode.EventDispatcher.Tests\RoyalCode.EventDispatcher.Tests.csproj", "{BFFD22A4-C3EF-4FE0-8C19-DF44881C6772}"
EndProject
Global
	GlobalSection(SolutionConfigurationPlatforms) = preSolution
		Debug|Any CPU = Debug|Any CPU
		Release|Any CPU = Release|Any CPU
	EndGlobalSection
	GlobalSection(ProjectConfigurationPlatforms) = postSolution
		{57A5D837-2896-40D0-9B36-1A417B1E04E3}.Debug|Any CPU.ActiveCfg = Debug|Any CPU
		{57A5D837-2896-40D0-9B36-1A417B1E04E3}.Debug|Any CPU.Build.0 = Debug|Any CPU
		{57A5D837-2896-40D0-9B36-1A417B1E04E3}.Release|Any CPU.ActiveCfg = Release|Any CPU
		{57A5D837-2896-40D0-9B36-1A417B1E04E3}.Release|Any CPU.Build.0 = Release|Any CPU
		{3041096A-38C0-4206-9718-2262C859BB7D}.Debug|Any CPU.ActiveCfg = Debug|Any CPU
		{3041096A-38C0-4206-9718-2262C859BB7D}.Debug|Any CPU.Build.0 = Debug|Any CPU
		{3041096A-38C0-4206-9718-2262C859BB7D}.Release|Any CPU.ActiveCfg = Release|Any CPU
		{3041096A-38C0-4206-9718-2262C859BB7D}.Release|Any CPU.Build.0 = Release|Any CPU
		{1A7C52C2-D67A-4F84-B02C-ED3903BE6C13}.Debug|Any CPU.ActiveCfg = Debug|Any CPU
		{1A7C52C2-D67A-4F84-B02C-ED3903BE6C13}.Debug|Any CPU.Build.0 = Debug|Any CPU
		{1A7C52C2-D67A-4F84-B02C-ED3903BE6C13}.Release|Any CPU.ActiveCfg = Release|Any CPU
		{1A7C52C2-D67A-4F84-B02C-ED3903BE6C13}.Release|Any CPU.Build.0 = Release|Any CPU
		{653E350F-B204-4A3F-820F-2BE40E5ED7F9}.Debug|Any CPU.ActiveCfg = Debug|Any CPU
		{653E350F-B204-4A3F-820F-2BE40E5ED7F9}.Debug|Any CPU.Build.0 = Debug|Any CPU
		{653E350F-B204-4A3F-820F-2BE40E5ED7F9}.Release|Any CPU.ActiveCfg = Release|Any CPU
		{653E350F-B204-4A3F-820F-2BE40E5ED7F9}.Release|Any CPU.Build.0 = Release|Any CPU
		{5AB071B6-6147-4B0E-B68B-69168503C20F}.Debug|Any CPU.ActiveCfg = Debug|Any CPU
		{5AB071B6-6147-4B0E-B68B-69168503C20F}.Debug|Any CPU.Build.0 = Debug|Any CPU
		{5AB071B6-6147-4B0E-B68B-69168503C20F}.Release|Any CPU.ActiveCfg = Release|Any CPU
		{5AB071B6-6147-4B0E-B68B-69168503C20F}.Release|Any CPU.Build.0 = Release|Any CPU
		{591073BD-90BC-4495-ABC8-D5F24B41E963}.Debug|Any CPU.ActiveCfg = Debug|Any CPU
		{591073BD-90BC-4495-ABC8-D5F24B41E963}.Debug|Any CPU.Build.0 = Debug|Any CPU
		{591073BD-90BC-4495-ABC8-D5F24B41E963}.Release|Any CPU.ActiveCfg = Release|Any CPU
		{591073BD-90BC-4495-ABC8-D5F24B41E963}.Release|Any CPU.Build.0 = Release|Any CPU
		{E13D2D4F-381E-4B29-BD8E-66CF13ED42ED}.Debug|Any CPU.ActiveCfg = Debug|Any CPU
		{E13D2D4F-381E-4B29-BD8E-66CF13ED42ED}.Debug|Any CPU.Build.0 = Debug|Any CPU
		{E13D2D4F-381E-4B29-BD8E-66CF13ED42ED}.Release|Any CPU.ActiveCfg = Release|Any CPU
		{E13D2D4F-381E-4B29-BD8E-66CF13ED42ED}.Release|Any CPU.Build.0 = Release|Any CPU
		{43AE710B-218C-410D-8DEC-570E7A746981}.Debug|Any CPU.ActiveCfg = Debug|Any CPU
		{43AE710B-218C-410D-8DEC-570E7A746981}.Debug|Any CPU.Build.0 = Debug|Any CPU
		{43AE710B-218C-410D-8DEC-570E7A746981}.Release|Any CPU.ActiveCfg = Release|Any CPU
		{43AE710B-218C-410D-8DEC-570E7A746981}.Release|Any CPU.Build.0 = Release|Any CPU
		{5BDB3CAD-5F40-4CD3-859F-3B4FF0E346C4}.Debug|Any CPU.ActiveCfg = Debug|Any CPU
		{5BDB3CAD-5F40-4CD3-859F-3B4FF0E346C4}.Debug|Any CPU.Build.0 = Debug|Any CPU
		{5BDB3CAD-5F40-4CD3-859F-3B4FF0E346C4}.Release|Any CPU.ActiveCfg = Release|Any CPU
		{5BDB3CAD-5F40-4CD3-859F-3B4FF0E346C4}.Release|Any CPU.Build.0 = Release|Any CPU
		{364D13AC-C37E-4FB6-B6E3-8CFFAE223EF5}.Debug|Any CPU.ActiveCfg = Debug|Any CPU
		{364D13AC-C37E-4FB6-B6E3-8CFFAE223EF5}.Debug|Any CPU.Build.0 = Debug|Any CPU
		{364D13AC-C37E-4FB6-B6E3-8CFFAE223EF5}.Release|Any CPU.ActiveCfg = Release|Any CPU
		{364D13AC-C37E-4FB6-B6E3-8CFFAE223EF5}.Release|Any CPU.Build.0 = Release|Any CPU
		{34DB5309-35CC-400F-B16C-18DC53677778}.Debug|Any CPU.ActiveCfg = Debug|Any CPU
		{34DB5309-35CC-400F-B16C-18DC53677778}.Debug|Any CPU.Build.0 = Debug|Any CPU
		{34DB5309-35CC-400F-B16C-18DC53677778}.Release|Any CPU.ActiveCfg = Release|Any CPU
		{34DB5309-35CC-400F-B16C-18DC53677778}.Release|Any CPU.Build.0 = Release|Any CPU
		{9D801CC4-FDAF-49C2-BDEC-6F05DD332612}.Debug|Any CPU.ActiveCfg = Debug|Any CPU
		{9D801CC4-FDAF-49C2-BDEC-6F05DD332612}.Debug|Any CPU.Build.0 = Debug|Any CPU
		{9D801CC4-FDAF-49C2-BDEC-6F05DD332612}.Release|Any CPU.ActiveCfg = Release|Any CPU
		{9D801CC4-FDAF-49C2-BDEC-6F05DD332612}.Release|Any CPU.Build.0 = Release|Any CPU
		{BFFD22A4-C3EF-4FE0-8C19-DF44881C6772}.Debug|Any CPU.ActiveCfg = Debug|Any CPU
		{BFFD22A4-C3EF-4FE0-8C19-DF44881C6772}.Debug|Any CPU.Build.0 = Debug|Any CPU
		{BFFD22A4-C3EF-4FE0-8C19-DF44881C6772}.Release|Any CPU.ActiveCfg = Release|Any CPU
		{BFFD22A4-C3EF-4FE0-8C19-DF44881C6772}.Release|Any CPU.Build.0 = Release|Any CPU
	EndGlobalSection
	GlobalSection(SolutionProperties) = preSolution
		HideSolutionNode = FALSE
	EndGlobalSection
	GlobalSection(NestedProjects) = preSolution
		{57A5D837-2896-40D0-9B36-1A417B1E04E3} = {F5DD2E92-9192-4869-AA1E-94A2F6E0FA9F}
		{3041096A-38C0-4206-9718-2262C859BB7D} = {F5DD2E92-9192-4869-AA1E-94A2F6E0FA9F}
		{1A7C52C2-D67A-4F84-B02C-ED3903BE6C13} = {48F480F4-D227-4EA8-B670-9EB8CC38F5BD}
		{653E350F-B204-4A3F-820F-2BE40E5ED7F9} = {F5DD2E92-9192-4869-AA1E-94A2F6E0FA9F}
		{5AB071B6-6147-4B0E-B68B-69168503C20F} = {48F480F4-D227-4EA8-B670-9EB8CC38F5BD}
		{591073BD-90BC-4495-ABC8-D5F24B41E963} = {C95FD26D-D086-4396-91EF-BD76850D7B3F}
		{E13D2D4F-381E-4B29-BD8E-66CF13ED42ED} = {48F480F4-D227-4EA8-B670-9EB8CC38F5BD}
		{43AE710B-218C-410D-8DEC-570E7A746981} = {48F480F4-D227-4EA8-B670-9EB8CC38F5BD}
		{5BDB3CAD-5F40-4CD3-859F-3B4FF0E346C4} = {F5DD2E92-9192-4869-AA1E-94A2F6E0FA9F}
		{364D13AC-C37E-4FB6-B6E3-8CFFAE223EF5} = {F5DD2E92-9192-4869-AA1E-94A2F6E0FA9F}
		{34DB5309-35CC-400F-B16C-18DC53677778} = {F5DD2E92-9192-4869-AA1E-94A2F6E0FA9F}
		{9D801CC4-FDAF-49C2-BDEC-6F05DD332612} = {F5DD2E92-9192-4869-AA1E-94A2F6E0FA9F}
		{BFFD22A4-C3EF-4FE0-8C19-DF44881C6772} = {48F480F4-D227-4EA8-B670-9EB8CC38F5BD}
	EndGlobalSection
	GlobalSection(ExtensibilityGlobals) = postSolution
		SolutionGuid = {AB2570C9-31BE-4028-8797-6520A1E4945F}
	EndGlobalSection
EndGlobal
